
Microsoft Visual Studio Solution File, Format Version 12.00
# Visual Studio Version 16
VisualStudioVersion = 16.0.32428.217
MinimumVisualStudioVersion = 10.0.40219.1
Project("{D954291E-2A0B-460D-934E-DC6B0785DB48}") = "MoreCoffee", "MoreCoffee.shproj", "{A0CDBD0E-3A41-42B7-9425-A838BC2C7383}"
EndProject
Project("{FAE04EC0-301F-11D3-BF4B-00C04F79EFBC}") = "MoreCoffeeTest", "..\MoreCoffeeTest\MoreCoffeeTest.csproj", "{8C5801E5-5770-4580-99ED-E39D705176EE}"
EndProject
Global
	GlobalSection(SharedMSBuildProjectFiles) = preSolution
		MoreCoffee.projitems*{8c5801e5-5770-4580-99ed-e39d705176ee}*SharedItemsImports = 5
		MoreCoffee.projitems*{a0cdbd0e-3a41-42b7-9425-a838bc2c7383}*SharedItemsImports = 13
	EndGlobalSection
	GlobalSection(SolutionConfigurationPlatforms) = preSolution
		Debug|Any CPU = Debug|Any CPU
		Release|Any CPU = Release|Any CPU
	EndGlobalSection
	GlobalSection(ProjectConfigurationPlatforms) = postSolution
		{8C5801E5-5770-4580-99ED-E39D705176EE}.Debug|Any CPU.ActiveCfg = Debug|Any CPU
		{8C5801E5-5770-4580-99ED-E39D705176EE}.Debug|Any CPU.Build.0 = Debug|Any CPU
		{8C5801E5-5770-4580-99ED-E39D705176EE}.Release|Any CPU.ActiveCfg = Release|Any CPU
		{8C5801E5-5770-4580-99ED-E39D705176EE}.Release|Any CPU.Build.0 = Release|Any CPU
	EndGlobalSection
	GlobalSection(SolutionProperties) = preSolution
		HideSolutionNode = FALSE
	EndGlobalSection
	GlobalSection(ExtensibilityGlobals) = postSolution
		SolutionGuid = {495D85EA-87C8-4C89-92C9-ECEC65AE7A7C}
	EndGlobalSection
EndGlobal
